# This file is automatically @generated by Cargo.
# It is not intended for manual editing.
version = 4

[[package]]
name = "custom-element"
version = "0.1.0"
dependencies = [
 "markdown-builder",
]

[[package]]
name = "dyn-clonable"
version = "0.9.2"
source = "registry+https://github.com/rust-lang/crates.io-index"
checksum = "a36efbb9bfd58e1723780aa04b61aba95ace6a05d9ffabfdb0b43672552f0805"
dependencies = [
 "dyn-clonable-impl",
 "dyn-clone",
]

[[package]]
name = "dyn-clonable-impl"
version = "0.9.2"
source = "registry+https://github.com/rust-lang/crates.io-index"
checksum = "7e8671d54058979a37a26f3511fbf8d198ba1aa35ffb202c42587d918d77213a"
dependencies = [
 "proc-macro2",
 "quote",
 "syn",
]

[[package]]
name = "dyn-clone"
version = "1.0.19"
source = "registry+https://github.com/rust-lang/crates.io-index"
checksum = "1c7a8fb8a9fbf66c1f703fe16184d10ca0ee9d23be5b4436400408ba54a95005"

[[package]]
name = "markdown-builder"
version = "1.0.0"
dependencies = [
 "dyn-clonable",
 "tousize",
]

[[package]]
name = "proc-macro2"
version = "1.0.95"
source = "registry+https://github.com/rust-lang/crates.io-index"
checksum = "02b3e5e68a3a1a02aad3ec490a98007cbc13c37cbe84a3cd7b8e406d76e7f778"
dependencies = [
 "unicode-ident",
]

[[package]]
name = "quote"
version = "1.0.40"
source = "registry+https://github.com/rust-lang/crates.io-index"
checksum = "1885c039570dc00dcb4ff087a89e185fd56bae234ddc7f056a945bf36467248d"
dependencies = [
 "proc-macro2",
]

[[package]]
name = "syn"
version = "2.0.101"
source = "registry+https://github.com/rust-lang/crates.io-index"
checksum = "8ce2b7fc941b3a24138a0a7cf8e858bfc6a992e7978a068a5c760deb0ed43caf"
dependencies = [
 "proc-macro2",
 "quote",
 "unicode-ident",
]

[[package]]
name = "tousize"
version = "1.0.0"
source = "registry+https://github.com/rust-lang/crates.io-index"
checksum = "701cb83c29ec5fc8f9f7fd8d38644bc6ee165aed7beadd104bdec0a620380e13"

[[package]]
name = "unicode-ident"
version = "1.0.18"
source = "registry+https://github.com/rust-lang/crates.io-index"
checksum = "5a5f39404a5da50712a4c1eecf25e90dd62b613502b7e925fd4e4d19b5c96512"
